github.com/acky666/ackyLog v1.0.3 h1:YcmQLP/hHF/6ckCfMfsHyxwT4RLwQwe8/tTdtK58yJI=
github.com/acky666/ackyLog v1.0.3/go.mod h1:tu6DIT0PCb8jj5+do40ZtUodU1bLtoBOs9zQ+uaWX+c=
github.com/davecgh/go-spew v1.1.1 h1:vj9j/u1bqnvCEfJOwUhtlOARqs3+rkHYY13jYWTU97c=
github.com/davecgh/go-spew v1.1.1/go.mod h1:J7Y8YcW2NihsgmVo/mv3lAwl/skON4iLHjSsI+c5H38=
